
Microsoft Visual Studio Solution File, Format Version 12.00
# Visual Studio Version 17
VisualStudioVersion = 17.11.35327.3
MinimumVisualStudioVersion = 10.0.40219.1
Project("{FAE04EC0-301F-11D3-BF4B-00C04F79EFBC}") = "Client", "Client\Client.csproj", "{2280679F-F107-48C0-BCC4-7A1812E288C6}"
EndProject
Project("{FAE04EC0-301F-11D3-BF4B-00C04F79EFBC}") = "Test", "Test\Test.csproj", "{8ACDCB8C-9297-4232-8ECC-BFF8E9289BFC}"
EndProject
Project("{FAE04EC0-301F-11D3-BF4B-00C04F79EFBC}") = "Server_As_A_Service", "Server_As_A_Service\Server_As_A_Service.csproj", "{CFBC097B-79C9-491A-AC80-22A7C41097DA}"
EndProject
Global
	GlobalSection(SolutionConfigurationPlatforms) = preSolution
		Debug|Any CPU = Debug|Any CPU
		Release|Any CPU = Release|Any CPU
	EndGlobalSection
	GlobalSection(ProjectConfigurationPlatforms) = postSolution
		{2280679F-F107-48C0-BCC4-7A1812E288C6}.Debug|Any CPU.ActiveCfg = Debug|Any CPU
		{2280679F-F107-48C0-BCC4-7A1812E288C6}.Debug|Any CPU.Build.0 = Debug|Any CPU
		{2280679F-F107-48C0-BCC4-7A1812E288C6}.Release|Any CPU.ActiveCfg = Release|Any CPU
		{2280679F-F107-48C0-BCC4-7A1812E288C6}.Release|Any CPU.Build.0 = Release|Any CPU
		{8ACDCB8C-9297-4232-8ECC-BFF8E9289BFC}.Debug|Any CPU.ActiveCfg = Debug|Any CPU
		{8ACDCB8C-9297-4232-8ECC-BFF8E9289BFC}.Debug|Any CPU.Build.0 = Debug|Any CPU
		{8ACDCB8C-9297-4232-8ECC-BFF8E9289BFC}.Release|Any CPU.ActiveCfg = Release|Any CPU
		{8ACDCB8C-9297-4232-8ECC-BFF8E9289BFC}.Release|Any CPU.Build.0 = Release|Any CPU
		{CFBC097B-79C9-491A-AC80-22A7C41097DA}.Debug|Any CPU.ActiveCfg = Debug|Any CPU
		{CFBC097B-79C9-491A-AC80-22A7C41097DA}.Debug|Any CPU.Build.0 = Debug|Any CPU
		{CFBC097B-79C9-491A-AC80-22A7C41097DA}.Release|Any CPU.ActiveCfg = Release|Any CPU
		{CFBC097B-79C9-491A-AC80-22A7C41097DA}.Release|Any CPU.Build.0 = Release|Any CPU
	EndGlobalSection
	GlobalSection(SolutionProperties) = preSolution
		HideSolutionNode = FALSE
	EndGlobalSection
	GlobalSection(ExtensibilityGlobals) = postSolution
		SolutionGuid = {EE62ADCE-F8E7-4D08-80FF-6945D456CB18}
	EndGlobalSection
EndGlobal
